
Microsoft Visual Studio Solution File, Format Version 12.00
# Visual Studio Version 16
VisualStudioVersion = 16.0.28803.202
MinimumVisualStudioVersion = 10.0.40219.1
Project("{FAE04EC0-301F-11D3-BF4B-00C04F79EFBC}") = "Task_code", "Task_code\Task_code.csproj", "{304895A8-C2E3-43EC-BC8F-BCAE88B5E30E}"
EndProject
Global
	GlobalSection(SolutionConfigurationPlatforms) = preSolution
		Debug|Any CPU = Debug|Any CPU
		Release|Any CPU = Release|Any CPU
	EndGlobalSection
	GlobalSection(ProjectConfigurationPlatforms) = postSolution
		{304895A8-C2E3-43EC-BC8F-BCAE88B5E30E}.Debug|Any CPU.ActiveCfg = Debug|Any CPU
		{304895A8-C2E3-43EC-BC8F-BCAE88B5E30E}.Debug|Any CPU.Build.0 = Debug|Any CPU
		{304895A8-C2E3-43EC-BC8F-BCAE88B5E30E}.Release|Any CPU.ActiveCfg = Release|Any CPU
		{304895A8-C2E3-43EC-BC8F-BCAE88B5E30E}.Release|Any CPU.Build.0 = Release|Any CPU
	EndGlobalSection
	GlobalSection(SolutionProperties) = preSolution
		HideSolutionNode = FALSE
	EndGlobalSection
	GlobalSection(ExtensibilityGlobals) = postSolution
		SolutionGuid = {5307D7F1-E035-4613-9EF2-A28BBCE9D974}
	EndGlobalSection
EndGlobal
